// !$*UTF8*$!
{
	archiveVersion = 1;
	classes = {
	};
	objectVersion = 50;
	objects = {

/* Begin PBXBuildFile section */
		E623034E2559235100591FF0 /* SingleItemPreferencePaneSelectionController.swift in Sources */ = {isa = PBXBuildFile; fileRef = E623034D2559235100591FF0 /* SingleItemPreferencePaneSelectionController.swift */; };
		E65B924821DD1D5300FB35E4 /* LastViewedPreferencePaneController.swift in Sources */ = {isa = PBXBuildFile; fileRef = E65B924721DD1D5300FB35E4 /* LastViewedPreferencePaneController.swift */; };
		E65B924A21DD2DED00FB35E4 /* PreferencePaneViewControllers.swift in Sources */ = {isa = PBXBuildFile; fileRef = E65B924921DD2DED00FB35E4 /* PreferencePaneViewControllers.swift */; };
		E65B924C21DD3F8400FB35E4 /* UserDefaultsKeys.swift in Sources */ = {isa = PBXBuildFile; fileRef = E65B924B21DD3F8400FB35E4 /* UserDefaultsKeys.swift */; };
		E65B925021DD80B500FB35E4 /* Bundle+DMPreferencesWindow.swift in Sources */ = {isa = PBXBuildFile; fileRef = E65B924F21DD80B500FB35E4 /* Bundle+DMPreferencesWindow.swift */; };
		E6D406BB21D58E4F00FB35E4 /* PreferencesWindowController.swift in Sources */ = {isa = PBXBuildFile; fileRef = E6D406BA21D58E4F00FB35E4 /* PreferencesWindowController.swift */; };
		E6D406BD21D58F4B00FB35E4 /* PreferencePane.swift in Sources */ = {isa = PBXBuildFile; fileRef = E6D406BC21D58F4B00FB35E4 /* PreferencePane.swift */; };
		E6D406BF21D58FBC00FB35E4 /* ToolbarItemImageProvider.swift in Sources */ = {isa = PBXBuildFile; fileRef = E6D406BE21D58FBC00FB35E4 /* ToolbarItemImageProvider.swift */; };
		E6D406C321D590EE00FB35E4 /* ToolbarPreferencePaneSelectionController.swift in Sources */ = {isa = PBXBuildFile; fileRef = E6D406C221D590EE00FB35E4 /* ToolbarPreferencePaneSelectionController.swift */; };
		E6D406C521D5926F00FB35E4 /* PreferencePaneSelectionController.swift in Sources */ = {isa = PBXBuildFile; fileRef = E6D406C421D5926F00FB35E4 /* PreferencePaneSelectionController.swift */; };
		E6D406C821D5977B00FB35E4 /* PreferencesWindowViewController.swift in Sources */ = {isa = PBXBuildFile; fileRef = E6D406C721D5977B00FB35E4 /* PreferencesWindowViewController.swift */; };
		E6D406CA21D5A4F300FB35E4 /* PreferencesWindowTitleController.swift in Sources */ = {isa = PBXBuildFile; fileRef = E6D406C921D5A4F300FB35E4 /* PreferencesWindowTitleController.swift */; };
/* End PBXBuildFile section */

/* Begin PBXFileReference section */
		E623034D2559235100591FF0 /* SingleItemPreferencePaneSelectionController.swift */ = {isa = PBXFileReference; lastKnownFileType = sourcecode.swift; path = SingleItemPreferencePaneSelectionController.swift; sourceTree = "<group>"; };
		E65B924721DD1D5300FB35E4 /* LastViewedPreferencePaneController.swift */ = {isa = PBXFileReference; lastKnownFileType = sourcecode.swift; path = LastViewedPreferencePaneController.swift; sourceTree = "<group>"; };
		E65B924921DD2DED00FB35E4 /* PreferencePaneViewControllers.swift */ = {isa = PBXFileReference; lastKnownFileType = sourcecode.swift; path = PreferencePaneViewControllers.swift; sourceTree = "<group>"; };
		E65B924B21DD3F8400FB35E4 /* UserDefaultsKeys.swift */ = {isa = PBXFileReference; lastKnownFileType = sourcecode.swift; path = UserDefaultsKeys.swift; sourceTree = "<group>"; };
		E65B924F21DD80B500FB35E4 /* Bundle+DMPreferencesWindow.swift */ = {isa = PBXFileReference; lastKnownFileType = sourcecode.swift; path = "Bundle+DMPreferencesWindow.swift"; sourceTree = "<group>"; };
		E6D406AF21D58E3F00FB35E4 /* DMPreferencesWindow.framework */ = {isa = PBXFileReference; explicitFileType = wrapper.framework; includeInIndex = 0; path = DMPreferencesWindow.framework; sourceTree = BUILT_PRODUCTS_DIR; };
		E6D406B321D58E3F00FB35E4 /* Info.plist */ = {isa = PBXFileReference; lastKnownFileType = text.plist.xml; path = Info.plist; sourceTree = "<group>"; };
		E6D406BA21D58E4F00FB35E4 /* PreferencesWindowController.swift */ = {isa = PBXFileReference; lastKnownFileType = sourcecode.swift; path = PreferencesWindowController.swift; sourceTree = "<group>"; };
		E6D406BC21D58F4B00FB35E4 /* PreferencePane.swift */ = {isa = PBXFileReference; lastKnownFileType = sourcecode.swift; path = PreferencePane.swift; sourceTree = "<group>"; };
		E6D406BE21D58FBC00FB35E4 /* ToolbarItemImageProvider.swift */ = {isa = PBXFileReference; lastKnownFileType = sourcecode.swift; path = ToolbarItemImageProvider.swift; sourceTree = "<group>"; };
		E6D406C221D590EE00FB35E4 /* ToolbarPreferencePaneSelectionController.swift */ = {isa = PBXFileReference; lastKnownFileType = sourcecode.swift; path = ToolbarPreferencePaneSelectionController.swift; sourceTree = "<group>"; };
		E6D406C421D5926F00FB35E4 /* PreferencePaneSelectionController.swift */ = {isa = PBXFileReference; lastKnownFileType = sourcecode.swift; path = PreferencePaneSelectionController.swift; sourceTree = "<group>"; };
		E6D406C721D5977B00FB35E4 /* PreferencesWindowViewController.swift */ = {isa = PBXFileReference; lastKnownFileType = sourcecode.swift; path = PreferencesWindowViewController.swift; sourceTree = "<group>"; };
		E6D406C921D5A4F300FB35E4 /* PreferencesWindowTitleController.swift */ = {isa = PBXFileReference; lastKnownFileType = sourcecode.swift; path = PreferencesWindowTitleController.swift; sourceTree = "<group>"; };
/* End PBXFileReference section */

/* Begin PBXFrameworksBuildPhase section */
		E6D406AC21D58E3F00FB35E4 /* Frameworks */ = {
			isa = PBXFrameworksBuildPhase;
			buildActionMask = 2147483647;
			files = (
			);
			runOnlyForDeploymentPostprocessing = 0;
		};
/* End PBXFrameworksBuildPhase section */

/* Begin PBXGroup section */
		E6D406A521D58E3F00FB35E4 = {
			isa = PBXGroup;
			children = (
				E6D406B121D58E3F00FB35E4 /* DMPreferencesWindow */,
				E6D406B021D58E3F00FB35E4 /* Products */,
			);
			sourceTree = "<group>";
		};
		E6D406B021D58E3F00FB35E4 /* Products */ = {
			isa = PBXGroup;
			children = (
				E6D406AF21D58E3F00FB35E4 /* DMPreferencesWindow.framework */,
			);
			name = Products;
			sourceTree = "<group>";
		};
		E6D406B121D58E3F00FB35E4 /* DMPreferencesWindow */ = {
			isa = PBXGroup;
			children = (
				E6D406BA21D58E4F00FB35E4 /* PreferencesWindowController.swift */,
				E6D406C621D5931400FB35E4 /* Preference Pane Selection Controllers */,
				E6D406C721D5977B00FB35E4 /* PreferencesWindowViewController.swift */,
				E6D406C921D5A4F300FB35E4 /* PreferencesWindowTitleController.swift */,
				E65B924721DD1D5300FB35E4 /* LastViewedPreferencePaneController.swift */,
				E65B924921DD2DED00FB35E4 /* PreferencePaneViewControllers.swift */,
				E6D406BC21D58F4B00FB35E4 /* PreferencePane.swift */,
				E6D406BE21D58FBC00FB35E4 /* ToolbarItemImageProvider.swift */,
				E65B924B21DD3F8400FB35E4 /* UserDefaultsKeys.swift */,
				E65B924F21DD80B500FB35E4 /* Bundle+DMPreferencesWindow.swift */,
				E6D406B321D58E3F00FB35E4 /* Info.plist */,
			);
			path = DMPreferencesWindow;
			sourceTree = "<group>";
		};
		E6D406C621D5931400FB35E4 /* Preference Pane Selection Controllers */ = {
			isa = PBXGroup;
			children = (
				E6D406C421D5926F00FB35E4 /* PreferencePaneSelectionController.swift */,
				E623034D2559235100591FF0 /* SingleItemPreferencePaneSelectionController.swift */,
				E6D406C221D590EE00FB35E4 /* ToolbarPreferencePaneSelectionController.swift */,
			);
			path = "Preference Pane Selection Controllers";
			sourceTree = "<group>";
		};
/* End PBXGroup section */

/* Begin PBXHeadersBuildPhase section */
		E6D406AA21D58E3F00FB35E4 /* Headers */ = {
			isa = PBXHeadersBuildPhase;
			buildActionMask = 2147483647;
			files = (
			);
			runOnlyForDeploymentPostprocessing = 0;
		};
/* End PBXHeadersBuildPhase section */

/* Begin PBXNativeTarget section */
		E6D406AE21D58E3F00FB35E4 /* DMPreferencesWindow */ = {
			isa = PBXNativeTarget;
			buildConfigurationList = E6D406B721D58E3F00FB35E4 /* Build configuration list for PBXNativeTarget "DMPreferencesWindow" */;
			buildPhases = (
				E6D406AA21D58E3F00FB35E4 /* Headers */,
				E6D406AB21D58E3F00FB35E4 /* Sources */,
				E6D406AC21D58E3F00FB35E4 /* Frameworks */,
				E6D406AD21D58E3F00FB35E4 /* Resources */,
			);
			buildRules = (
			);
			dependencies = (
			);
			name = DMPreferencesWindow;
			productName = DMPreferencesWindow;
			productReference = E6D406AF21D58E3F00FB35E4 /* DMPreferencesWindow.framework */;
			productType = "com.apple.product-type.framework";
		};
/* End PBXNativeTarget section */

/* Begin PBXProject section */
		E6D406A621D58E3F00FB35E4 /* Project object */ = {
			isa = PBXProject;
			attributes = {
				LastUpgradeCheck = 1220;
				ORGANIZATIONNAME = "Darren Mo";
				TargetAttributes = {
					E6D406AE21D58E3F00FB35E4 = {
						CreatedOnToolsVersion = 10.1;
						LastSwiftMigration = 1020;
					};
				};
			};
			buildConfigurationList = E6D406A921D58E3F00FB35E4 /* Build configuration list for PBXProject "DMPreferencesWindow" */;
			compatibilityVersion = "Xcode 9.3";
			developmentRegion = en;
			hasScannedForEncodings = 0;
			knownRegions = (
				en,
				Base,
			);
			mainGroup = E6D406A521D58E3F00FB35E4;
			productRefGroup = E6D406B021D58E3F00FB35E4 /* Products */;
			projectDirPath = "";
			projectRoot = "";
			targets = (
				E6D406AE21D58E3F00FB35E4 /* DMPreferencesWindow */,
			);
		};
/* End PBXProject section */

/* Begin PBXResourcesBuildPhase section */
		E6D406AD21D58E3F00FB35E4 /* Resources */ = {
			isa = PBXResourcesBuildPhase;
			buildActionMask = 2147483647;
			files = (
			);
			runOnlyForDeploymentPostprocessing = 0;
		};
/* End PBXResourcesBuildPhase section */

/* Begin PBXSourcesBuildPhase section */
		E6D406AB21D58E3F00FB35E4 /* Sources */ = {
			isa = PBXSourcesBuildPhase;
			buildActionMask = 2147483647;
			files = (
				E6D406CA21D5A4F300FB35E4 /* PreferencesWindowTitleController.swift in Sources */,
				E65B925021DD80B500FB35E4 /* Bundle+DMPreferencesWindow.swift in Sources */,
				E6D406BF21D58FBC00FB35E4 /* ToolbarItemImageProvider.swift in Sources */,
				E65B924C21DD3F8400FB35E4 /* UserDefaultsKeys.swift in Sources */,
				E6D406C821D5977B00FB35E4 /* PreferencesWindowViewController.swift in Sources */,
				E6D406C321D590EE00FB35E4 /* ToolbarPreferencePaneSelectionController.swift in Sources */,
				E623034E2559235100591FF0 /* SingleItemPreferencePaneSelectionController.swift in Sources */,
				E65B924821DD1D5300FB35E4 /* LastViewedPreferencePaneController.swift in Sources */,
				E65B924A21DD2DED00FB35E4 /* PreferencePaneViewControllers.swift in Sources */,
				E6D406C521D5926F00FB35E4 /* PreferencePaneSelectionController.swift in Sources */,
				E6D406BB21D58E4F00FB35E4 /* PreferencesWindowController.swift in Sources */,
				E6D406BD21D58F4B00FB35E4 /* PreferencePane.swift in Sources */,
			);
			runOnlyForDeploymentPostprocessing = 0;
		};
/* End PBXSourcesBuildPhase section */

/* Begin XCBuildConfiguration section */
		E6D406B521D58E3F00FB35E4 /* Debug */ = {
			isa = XCBuildConfiguration;
			buildSettings = {
				ALWAYS_SEARCH_USER_PATHS = NO;
				CLANG_ANALYZER_NONNULL = YES;
				CLANG_ANALYZER_NUMBER_OBJECT_CONVERSION = YES_AGGRESSIVE;
				CLANG_CXX_LANGUAGE_STANDARD = "gnu++14";
				CLANG_CXX_LIBRARY = "libc++";
				CLANG_ENABLE_MODULES = YES;
				CLANG_ENABLE_OBJC_ARC = YES;
				CLANG_ENABLE_OBJC_WEAK = YES;
				CLANG_WARN_BLOCK_CAPTURE_AUTORELEASING = YES;
				CLANG_WARN_BOOL_CONVERSION = YES;
				CLANG_WARN_COMMA = YES;
				CLANG_WARN_CONSTANT_CONVERSION = YES;
				CLANG_WARN_DEPRECATED_OBJC_IMPLEMENTATIONS = YES;
				CLANG_WARN_DIRECT_OBJC_ISA_USAGE = YES_ERROR;
				CLANG_WARN_DOCUMENTATION_COMMENTS = YES;
				CLANG_WARN_EMPTY_BODY = YES;
				CLANG_WARN_ENUM_CONVERSION = YES;
				CLANG_WARN_INFINITE_RECURSION = YES;
				CLANG_WARN_INT_CONVERSION = YES;
				CLANG_WARN_NON_LITERAL_NULL_CONVERSION = YES;
				CLANG_WARN_OBJC_IMPLICIT_RETAIN_SELF = YES;
				CLANG_WARN_OBJC_LITERAL_CONVERSION = YES;
				CLANG_WARN_OBJC_ROOT_CLASS = YES_ERROR;
				CLANG_WARN_QUOTED_INCLUDE_IN_FRAMEWORK_HEADER = YES;
				CLANG_WARN_RANGE_LOOP_ANALYSIS = YES;
				CLANG_WARN_STRICT_PROTOTYPES = YES;
				CLANG_WARN_SUSPICIOUS_MOVE = YES;
				CLANG_WARN_UNGUARDED_AVAILABILITY = YES_AGGRESSIVE;
				CLANG_WARN_UNREACHABLE_CODE = YES;
				CLANG_WARN__DUPLICATE_METHOD_MATCH = YES;
				CODE_SIGN_IDENTITY = "Mac Developer";
				COPY_PHASE_STRIP = NO;
				CURRENT_PROJECT_VERSION = 3;
				DEBUG_INFORMATION_FORMAT = dwarf;
				ENABLE_STRICT_OBJC_MSGSEND = YES;
				ENABLE_TESTABILITY = YES;
				GCC_C_LANGUAGE_STANDARD = gnu11;
				GCC_DYNAMIC_NO_PIC = NO;
				GCC_NO_COMMON_BLOCKS = YES;
				GCC_OPTIMIZATION_LEVEL = 0;
				GCC_PREPROCESSOR_DEFINITIONS = (
					"DEBUG=1",
					"$(inherited)",
				);
				GCC_WARN_64_TO_32_BIT_CONVERSION = YES;
				GCC_WARN_ABOUT_RETURN_TYPE = YES_ERROR;
				GCC_WARN_UNDECLARED_SELECTOR = YES;
				GCC_WARN_UNINITIALIZED_AUTOS = YES_AGGRESSIVE;
				GCC_WARN_UNUSED_FUNCTION = YES;
				GCC_WARN_UNUSED_VARIABLE = YES;
				MACOSX_DEPLOYMENT_TARGET = 10.14;
				MTL_ENABLE_DEBUG_INFO = INCLUDE_SOURCE;
				MTL_FAST_MATH = YES;
				ONLY_ACTIVE_ARCH = YES;
				SDKROOT = macosx;
				SWIFT_ACTIVE_COMPILATION_CONDITIONS = DEBUG;
				SWIFT_OPTIMIZATION_LEVEL = "-Onone";
				SWIFT_VERSION = 4.2;
				VERSIONING_SYSTEM = "apple-generic";
				VERSION_INFO_PREFIX = "";
			};
			name = Debug;
		};
		E6D406B621D58E3F00FB35E4 /* Release */ = {
			isa = XCBuildConfiguration;
			buildSettings = {
				ALWAYS_SEARCH_USER_PATHS = NO;
				CLANG_ANALYZER_NONNULL = YES;
				CLANG_ANALYZER_NUMBER_OBJECT_CONVERSION = YES_AGGRESSIVE;
				CLANG_CXX_LANGUAGE_STANDARD = "gnu++14";
				CLANG_CXX_LIBRARY = "libc++";
				CLANG_ENABLE_MODULES = YES;
				CLANG_ENABLE_OBJC_ARC = YES;
				CLANG_ENABLE_OBJC_WEAK = YES;
				CLANG_WARN_BLOCK_CAPTURE_AUTORELEASING = YES;
				CLANG_WARN_BOOL_CONVERSION = YES;
				CLANG_WARN_COMMA = YES;
				CLANG_WARN_CONSTANT_CONVERSION = YES;
				CLANG_WARN_DEPRECATED_OBJC_IMPLEMENTATIONS = YES;
				CLANG_WARN_DIRECT_OBJC_ISA_USAGE = YES_ERROR;
				CLANG_WARN_DOCUMENTATION_COMMENTS = YES;
				CLANG_WARN_EMPTY_BODY = YES;
				CLANG_WARN_ENUM_CONVERSION = YES;
				CLANG_WARN_INFINITE_RECURSION = YES;
				CLANG_WARN_INT_CONVERSION = YES;
				CLANG_WARN_NON_LITERAL_NULL_CONVERSION = YES;
				CLANG_WARN_OBJC_IMPLICIT_RETAIN_SELF = YES;
				CLANG_WARN_OBJC_LITERAL_CONVERSION = YES;
				CLANG_WARN_OBJC_ROOT_CLASS = YES_ERROR;
				CLANG_WARN_QUOTED_INCLUDE_IN_FRAMEWORK_HEADER = YES;
				CLANG_WARN_RANGE_LOOP_ANALYSIS = YES;
				CLANG_WARN_STRICT_PROTOTYPES = YES;
				CLANG_WARN_SUSPICIOUS_MOVE = YES;
				CLANG_WARN_UNGUARDED_AVAILABILITY = YES_AGGRESSIVE;
				CLANG_WARN_UNREACHABLE_CODE = YES;
				CLANG_WARN__DUPLICATE_METHOD_MATCH = YES;
				CODE_SIGN_IDENTITY = "Mac Developer";
				COPY_PHASE_STRIP = NO;
				CURRENT_PROJECT_VERSION = 3;
				DEBUG_INFORMATION_FORMAT = "dwarf-with-dsym";
				ENABLE_NS_ASSERTIONS = NO;
				ENABLE_STRICT_OBJC_MSGSEND = YES;
				GCC_C_LANGUAGE_STANDARD = gnu11;
				GCC_NO_COMMON_BLOCKS = YES;
				GCC_WARN_64_TO_32_BIT_CONVERSION = YES;
				GCC_WARN_ABOUT_RETURN_TYPE = YES_ERROR;
				GCC_WARN_UNDECLARED_SELECTOR = YES;
				GCC_WARN_UNINITIALIZED_AUTOS = YES_AGGRESSIVE;
				GCC_WARN_UNUSED_FUNCTION = YES;
				GCC_WARN_UNUSED_VARIABLE = YES;
				MACOSX_DEPLOYMENT_TARGET = 10.14;
				MTL_ENABLE_DEBUG_INFO = NO;
				MTL_FAST_MATH = YES;
				SDKROOT = macosx;
				SWIFT_COMPILATION_MODE = wholemodule;
				SWIFT_OPTIMIZATION_LEVEL = "-O";
				SWIFT_VERSION = 4.2;
				VERSIONING_SYSTEM = "apple-generic";
				VERSION_INFO_PREFIX = "";
			};
			name = Release;
		};
		E6D406B821D58E3F00FB35E4 /* Debug */ = {
			isa = XCBuildConfiguration;
			buildSettings = {
				CLANG_ENABLE_MODULES = YES;
				CODE_SIGN_IDENTITY = "";
				CODE_SIGN_STYLE = Automatic;
				COMBINE_HIDPI_IMAGES = YES;
				DEFINES_MODULE = YES;
				DEVELOPMENT_TEAM = PVLQ49LAH3;
				DYLIB_COMPATIBILITY_VERSION = 1;
				DYLIB_CURRENT_VERSION = 3;
				DYLIB_INSTALL_NAME_BASE = "@rpath";
				FRAMEWORK_VERSION = A;
				INFOPLIST_FILE = DMPreferencesWindow/Info.plist;
				INSTALL_PATH = "$(LOCAL_LIBRARY_DIR)/Frameworks";
				LD_RUNPATH_SEARCH_PATHS = (
					"$(inherited)",
					"@executable_path/../Frameworks",
					"@loader_path/Frameworks",
				);
				PRODUCT_BUNDLE_IDENTIFIER = mo.darren.DMPreferencesWindow;
				PRODUCT_NAME = "$(TARGET_NAME:c99extidentifier)";
				SKIP_INSTALL = YES;
				SWIFT_OPTIMIZATION_LEVEL = "-Onone";
				SWIFT_VERSION = 4.2;
			};
			name = Debug;
		};
		E6D406B921D58E3F00FB35E4 /* Release */ = {
			isa = XCBuildConfiguration;
			buildSettings = {
				CLANG_ENABLE_MODULES = YES;
				CODE_SIGN_IDENTITY = "";
				CODE_SIGN_STYLE = Automatic;
				COMBINE_HIDPI_IMAGES = YES;
				DEFINES_MODULE = YES;
				DEVELOPMENT_TEAM = PVLQ49LAH3;
				DYLIB_COMPATIBILITY_VERSION = 1;
				DYLIB_CURRENT_VERSION = 3;
				DYLIB_INSTALL_NAME_BASE = "@rpath";
				FRAMEWORK_VERSION = A;
				INFOPLIST_FILE = DMPreferencesWindow/Info.plist;
				INSTALL_PATH = "$(LOCAL_LIBRARY_DIR)/Frameworks";
				LD_RUNPATH_SEARCH_PATHS = (
					"$(inherited)",
					"@executable_path/../Frameworks",
					"@loader_path/Frameworks",
				);
				PRODUCT_BUNDLE_IDENTIFIER = mo.darren.DMPreferencesWindow;
				PRODUCT_NAME = "$(TARGET_NAME:c99extidentifier)";
				SKIP_INSTALL = YES;
				SWIFT_VERSION = 4.2;
			};
			name = Release;
		};
/* End XCBuildConfiguration section */

/* Begin XCConfigurationList section */
		E6D406A921D58E3F00FB35E4 /* Build configuration list for PBXProject "DMPreferencesWindow" */ = {
			isa = XCConfigurationList;
			buildConfigurations = (
				E6D406B521D58E3F00FB35E4 /* Debug */,
				E6D406B621D58E3F00FB35E4 /* Release */,
			);
			defaultConfigurationIsVisible = 0;
			defaultConfigurationName = Release;
		};
		E6D406B721D58E3F00FB35E4 /* Build configuration list for PBXNativeTarget "DMPreferencesWindow" */ = {
			isa = XCConfigurationList;
			buildConfigurations = (
				E6D406B821D58E3F00FB35E4 /* Debug */,
				E6D406B921D58E3F00FB35E4 /* Release */,
			);
			defaultConfigurationIsVisible = 0;
			defaultConfigurationName = Release;
		};
/* End XCConfigurationList section */
	};
	rootObject = E6D406A621D58E3F00FB35E4 /* Project object */;
}
